
Microsoft Visual Studio Solution File, Format Version 12.00
# Visual Studio Version 16
VisualStudioVersion = 16.0.31424.327
MinimumVisualStudioVersion = 10.0.40219.1
Project("{FAE04EC0-301F-11D3-BF4B-00C04F79EFBC}") = "ActiveChannels", "ActiveChannels\ActiveChannels.csproj", "{EB131C5D-2FBB-4DD5-AAE9-97F22474B176}"
EndProject
Global
	GlobalSection(SolutionConfigurationPlatforms) = preSolution
		Debug|Any CPU = Debug|Any CPU
		Release|Any CPU = Release|Any CPU
	EndGlobalSection
	GlobalSection(ProjectConfigurationPlatforms) = postSolution
		{EB131C5D-2FBB-4DD5-AAE9-97F22474B176}.Debug|Any CPU.ActiveCfg = Debug|Any CPU
		{EB131C5D-2FBB-4DD5-AAE9-97F22474B176}.Debug|Any CPU.Build.0 = Debug|Any CPU
		{EB131C5D-2FBB-4DD5-AAE9-97F22474B176}.Release|Any CPU.ActiveCfg = Release|Any CPU
		{EB131C5D-2FBB-4DD5-AAE9-97F22474B176}.Release|Any CPU.Build.0 = Release|Any CPU
	EndGlobalSection
	GlobalSection(SolutionProperties) = preSolution
		HideSolutionNode = FALSE
	EndGlobalSection
	GlobalSection(ExtensibilityGlobals) = postSolution
		SolutionGuid = {22C83D52-805F-485B-92E5-FE0884A1E639}
	EndGlobalSection
EndGlobal
